
Microsoft Visual Studio Solution File, Format Version 12.00
# Visual Studio Version 16
VisualStudioVersion = 16.0.30503.244
MinimumVisualStudioVersion = 10.0.40219.1
Project("{FAE04EC0-301F-11D3-BF4B-00C04F79EFBC}") = "pfeAPI", "pfeAPI.csproj", "{B558CBFF-91A7-40E1-A8D6-F525146FB89E}"
EndProject
Global
	GlobalSection(SolutionConfigurationPlatforms) = preSolution
		Debug|Any CPU = Debug|Any CPU
		Release|Any CPU = Release|Any CPU
	EndGlobalSection
	GlobalSection(ProjectConfigurationPlatforms) = postSolution
		{B558CBFF-91A7-40E1-A8D6-F525146FB89E}.Debug|Any CPU.ActiveCfg = Debug|Any CPU
		{B558CBFF-91A7-40E1-A8D6-F525146FB89E}.Debug|Any CPU.Build.0 = Debug|Any CPU
		{B558CBFF-91A7-40E1-A8D6-F525146FB89E}.Release|Any CPU.ActiveCfg = Release|Any CPU
		{B558CBFF-91A7-40E1-A8D6-F525146FB89E}.Release|Any CPU.Build.0 = Release|Any CPU
	EndGlobalSection
	GlobalSection(SolutionProperties) = preSolution
		HideSolutionNode = FALSE
	EndGlobalSection
	GlobalSection(ExtensibilityGlobals) = postSolution
		SolutionGuid = {800A9727-FAC3-4625-BB96-02D30A07D3F5}
	EndGlobalSection
EndGlobal
